
Microsoft Visual Studio Solution File, Format Version 12.00
# Visual Studio Version 16
VisualStudioVersion = 16.0.31112.23
MinimumVisualStudioVersion = 10.0.40219.1
Project("{9A19103F-16F7-4668-BE54-9A1E7A4F7556}") = "FluentBuilderPattern", "FluentBuilderPattern\FluentBuilderPattern.csproj", "{9967C83B-F301-4CB1-B235-D668DC848A48}"
EndProject
Project("{9A19103F-16F7-4668-BE54-9A1E7A4F7556}") = "MarineUnitConsumer", "MarineUnitConsumer\MarineUnitConsumer.csproj", "{0158FED6-8B3C-4AD9-B147-31E9A2D51416}"
EndProject
Project("{FAE04EC0-301F-11D3-BF4B-00C04F79EFBC}") = "DecoratorPattern", "DecoratorPattern\DecoratorPattern.csproj", "{3B4384BA-F648-443E-976D-D6B876DB5F1A}"
EndProject
Project("{FAE04EC0-301F-11D3-BF4B-00C04F79EFBC}") = "DecoratorPatternTests", "DecoratorPatternTests\DecoratorPatternTests.csproj", "{C23A5FFC-29B5-43AC-B543-80002BE66402}"
EndProject
Global
	GlobalSection(SolutionConfigurationPlatforms) = preSolution
		Debug|Any CPU = Debug|Any CPU
		Release|Any CPU = Release|Any CPU
	EndGlobalSection
	GlobalSection(ProjectConfigurationPlatforms) = postSolution
		{9967C83B-F301-4CB1-B235-D668DC848A48}.Debug|Any CPU.ActiveCfg = Debug|Any CPU
		{9967C83B-F301-4CB1-B235-D668DC848A48}.Debug|Any CPU.Build.0 = Debug|Any CPU
		{9967C83B-F301-4CB1-B235-D668DC848A48}.Release|Any CPU.ActiveCfg = Release|Any CPU
		{9967C83B-F301-4CB1-B235-D668DC848A48}.Release|Any CPU.Build.0 = Release|Any CPU
		{0158FED6-8B3C-4AD9-B147-31E9A2D51416}.Debug|Any CPU.ActiveCfg = Debug|Any CPU
		{0158FED6-8B3C-4AD9-B147-31E9A2D51416}.Debug|Any CPU.Build.0 = Debug|Any CPU
		{0158FED6-8B3C-4AD9-B147-31E9A2D51416}.Release|Any CPU.ActiveCfg = Release|Any CPU
		{0158FED6-8B3C-4AD9-B147-31E9A2D51416}.Release|Any CPU.Build.0 = Release|Any CPU
		{3B4384BA-F648-443E-976D-D6B876DB5F1A}.Debug|Any CPU.ActiveCfg = Debug|Any CPU
		{3B4384BA-F648-443E-976D-D6B876DB5F1A}.Debug|Any CPU.Build.0 = Debug|Any CPU
		{3B4384BA-F648-443E-976D-D6B876DB5F1A}.Release|Any CPU.ActiveCfg = Release|Any CPU
		{3B4384BA-F648-443E-976D-D6B876DB5F1A}.Release|Any CPU.Build.0 = Release|Any CPU
		{C23A5FFC-29B5-43AC-B543-80002BE66402}.Debug|Any CPU.ActiveCfg = Debug|Any CPU
		{C23A5FFC-29B5-43AC-B543-80002BE66402}.Debug|Any CPU.Build.0 = Debug|Any CPU
		{C23A5FFC-29B5-43AC-B543-80002BE66402}.Release|Any CPU.ActiveCfg = Release|Any CPU
		{C23A5FFC-29B5-43AC-B543-80002BE66402}.Release|Any CPU.Build.0 = Release|Any CPU
	EndGlobalSection
	GlobalSection(SolutionProperties) = preSolution
		HideSolutionNode = FALSE
	EndGlobalSection
	GlobalSection(ExtensibilityGlobals) = postSolution
		SolutionGuid = {13AD2B08-1CD2-44E9-81C3-69043A74D98F}
	EndGlobalSection
EndGlobal
